
Microsoft Visual Studio Solution File, Format Version 12.00
# Visual Studio Version 17
VisualStudioVersion = 17.9.34723.18
MinimumVisualStudioVersion = 10.0.40219.1
Project("{8BC9CEB8-8B4A-11D0-8D11-00A0C91BC942}") = "iwindow", "iwindow.vcxproj", "{F1F12D60-685A-47FD-BD5D-83C31E11F836}"
EndProject
Global
	GlobalSection(SolutionConfigurationPlatforms) = preSolution
		Debug|x64 = Debug|x64
		Debug|x86 = Debug|x86
		Release|x64 = Release|x64
		Release|x86 = Release|x86
	EndGlobalSection
	GlobalSection(ProjectConfigurationPlatforms) = postSolution
		{F1F12D60-685A-47FD-BD5D-83C31E11F836}.Debug|x64.ActiveCfg = Debug|x64
		{F1F12D60-685A-47FD-BD5D-83C31E11F836}.Debug|x64.Build.0 = Debug|x64
		{F1F12D60-685A-47FD-BD5D-83C31E11F836}.Debug|x86.ActiveCfg = Debug|Win32
		{F1F12D60-685A-47FD-BD5D-83C31E11F836}.Debug|x86.Build.0 = Debug|Win32
		{F1F12D60-685A-47FD-BD5D-83C31E11F836}.Release|x64.ActiveCfg = Release|x64
		{F1F12D60-685A-47FD-BD5D-83C31E11F836}.Release|x64.Build.0 = Release|x64
		{F1F12D60-685A-47FD-BD5D-83C31E11F836}.Release|x86.ActiveCfg = Release|Win32
		{F1F12D60-685A-47FD-BD5D-83C31E11F836}.Release|x86.Build.0 = Release|Win32
	EndGlobalSection
	GlobalSection(SolutionProperties) = preSolution
		HideSolutionNode = FALSE
	EndGlobalSection
	GlobalSection(ExtensibilityGlobals) = postSolution
		SolutionGuid = {560D88D4-2DDD-4A47-8D45-ED44D00799B5}
	EndGlobalSection
EndGlobal
